DEPENDENCIES
  nace-ckan
    git: https://github.alaska.edu/gina-cookbooks/nace-ckan
    revision: d1ff3cf1b642891e00921c7d04f270081f9553e4
  postgresql (~> 6.1.0)
  solr (~> 0.5.0)

GRAPH
  apt (6.0.1)
  build-essential (8.0.0)
    mingw (>= 1.1)
    seven_zip (>= 0.0.0)
  compat_resource (12.16.3)
  database (6.1.1)
    postgresql (>= 1.0.0)
  homebrew (3.0.0)
  httpd (0.4.5)
    compat_resource (>= 12.16.3)
  java (1.47.0)
    apt (>= 0.0.0)
    homebrew (>= 0.0.0)
    windows (>= 0.0.0)
  mingw (2.0.0)
    seven_zip (>= 0.0.0)
  nace-ckan (1.5.2)
    database (>= 0.0.0)
    httpd (>= 0.0.0)
    poise-python (>= 0.0.0)
    postgresql (>= 0.0.0)
    solr (>= 0.0.0)
  ohai (5.0.0)
  openssl (6.1.1)
  poise (2.7.2)
  poise-archive (1.4.0)
    poise (~> 2.6)
  poise-languages (2.0.5)
    poise (~> 2.5)
    poise-archive (~> 1.0)
  poise-python (1.5.1)
    poise (~> 2.7)
    poise-languages (~> 2.0)
  postgresql (6.1.0)
    build-essential (>= 2.0.0)
    compat_resource (>= 12.16.3)
    openssl (>= 4.0)
  seven_zip (2.0.2)
    windows (>= 1.2.2)
  solr (0.5.0)
    apt (>= 0.0.0)
    java (>= 0.0.0)
  windows (2.1.1)
    ohai (>= 4.0.0)
